
Microsoft Visual Studio Solution File, Format Version 12.00
# Visual Studio Version 17
VisualStudioVersion = 17.11.35222.181
MinimumVisualStudioVersion = 10.0.40219.1
Project("{9A19103F-16F7-4668-BE54-9A1E7A4F7556}") = "Presentation", "Presentation\Presentation.csproj", "{36FFA9C8-7218-45B6-9A0A-B26A19616517}"
EndProject
Project("{FAE04EC0-301F-11D3-BF4B-00C04F79EFBC}") = "DataAccess", "DataAccess\DataAccess.csproj", "{7853770E-79B4-4085-AFD2-66211608A42F}"
EndProject
Project("{FAE04EC0-301F-11D3-BF4B-00C04F79EFBC}") = "Domain", "Domain\Domain.csproj", "{5287D4AE-10EF-4258-B033-45A88CEC7281}"
EndProject
Global
	GlobalSection(SolutionConfigurationPlatforms) = preSolution
		Debug|Any CPU = Debug|Any CPU
		Release|Any CPU = Release|Any CPU
	EndGlobalSection
	GlobalSection(ProjectConfigurationPlatforms) = postSolution
		{36FFA9C8-7218-45B6-9A0A-B26A19616517}.Debug|Any CPU.ActiveCfg = Debug|Any CPU
		{36FFA9C8-7218-45B6-9A0A-B26A19616517}.Debug|Any CPU.Build.0 = Debug|Any CPU
		{36FFA9C8-7218-45B6-9A0A-B26A19616517}.Release|Any CPU.ActiveCfg = Release|Any CPU
		{36FFA9C8-7218-45B6-9A0A-B26A19616517}.Release|Any CPU.Build.0 = Release|Any CPU
		{7853770E-79B4-4085-AFD2-66211608A42F}.Debug|Any CPU.ActiveCfg = Debug|Any CPU
		{7853770E-79B4-4085-AFD2-66211608A42F}.Debug|Any CPU.Build.0 = Debug|Any CPU
		{7853770E-79B4-4085-AFD2-66211608A42F}.Release|Any CPU.ActiveCfg = Release|Any CPU
		{7853770E-79B4-4085-AFD2-66211608A42F}.Release|Any CPU.Build.0 = Release|Any CPU
		{5287D4AE-10EF-4258-B033-45A88CEC7281}.Debug|Any CPU.ActiveCfg = Debug|Any CPU
		{5287D4AE-10EF-4258-B033-45A88CEC7281}.Debug|Any CPU.Build.0 = Debug|Any CPU
		{5287D4AE-10EF-4258-B033-45A88CEC7281}.Release|Any CPU.ActiveCfg = Release|Any CPU
		{5287D4AE-10EF-4258-B033-45A88CEC7281}.Release|Any CPU.Build.0 = Release|Any CPU
	EndGlobalSection
	GlobalSection(SolutionProperties) = preSolution
		HideSolutionNode = FALSE
	EndGlobalSection
	GlobalSection(ExtensibilityGlobals) = postSolution
		SolutionGuid = {DBF8E65A-FA3C-4644-B302-5152EE29DD9E}
	EndGlobalSection
EndGlobal
